PODS:
  - Realm (10.25.1):
    - Realm/Headers (= 10.25.1)
  - Realm/Headers (10.25.1)
  - RealmSwift (10.25.1):
    - Realm (= 10.25.1)
  - SnapKit (5.0.1)

DEPENDENCIES:
  - RealmSwift
  - SnapKit

SPEC REPOS:
  trunk:
    - Realm
    - RealmSwift
    - SnapKit

SPEC CHECKSUMS:
  Realm: 1a6e9b4f6983711655d8c0bcb6d2d29c3afbb1f3
  RealmSwift: e72669550d27082aa4fad5d176f5076cfe806245
  SnapKit: 97b92857e3df3a0c71833cce143274bf6ef8e5eb

PODFILE CHECKSUM: 3f75f6be26da817c5146a05a2f73c345eaadaa17

COCOAPODS: 1.11.2
