// !$*UTF8*$!
{
	archiveVersion = 1;
	classes = {
	};
	objectVersion = 55;
	objects = {

/* Begin PBXBuildFile section */
		9F13204727FC8B6100688CB7 /* AppDelegate.swift in Sources */ = {isa = PBXBuildFile; fileRef = 9F13204627FC8B6100688CB7 /* AppDelegate.swift */; };
		9F13204927FC8B6100688CB7 /* SceneDelegate.swift in Sources */ = {isa = PBXBuildFile; fileRef = 9F13204827FC8B6100688CB7 /* SceneDelegate.swift */; };
		9F13204B27FC8B6100688CB7 /* HomeScreenController.swift in Sources */ = {isa = PBXBuildFile; fileRef = 9F13204A27FC8B6100688CB7 /* HomeScreenController.swift */; };
		9F13205027FC8B6100688CB7 /* Assets.xcassets in Resources */ = {isa = PBXBuildFile; fileRef = 9F13204F27FC8B6100688CB7 /* Assets.xcassets */; };
		9F13205327FC8B6100688CB7 /* LaunchScreen.storyboard in Resources */ = {isa = PBXBuildFile; fileRef = 9F13205127FC8B6100688CB7 /* LaunchScreen.storyboard */; };
		9F4F308D27FE1E2E009DAA10 /* WeatherView.swift in Sources */ = {isa = PBXBuildFile; fileRef = 9F4F308C27FE1E2E009DAA10 /* WeatherView.swift */; };
		9F61E579280A054B00322D8B /* WorkoutModel.swift in Sources */ = {isa = PBXBuildFile; fileRef = 9F61E578280A054B00322D8B /* WorkoutModel.swift */; };
		9F61E57C280A073D00322D8B /* RealmManager.swift in Sources */ = {isa = PBXBuildFile; fileRef = 9F61E57B280A073D00322D8B /* RealmManager.swift */; };
		9F8FBDB3280C63B60000DDED /* Date + Extensions.swift in Sources */ = {isa = PBXBuildFile; fileRef = 9F8FBDB2280C63B60000DDED /* Date + Extensions.swift */; };
		9F8FBDB6280C6CED0000DDED /* StartWorkoutWithImageController.swift in Sources */ = {isa = PBXBuildFile; fileRef = 9F8FBDB5280C6CED0000DDED /* StartWorkoutWithImageController.swift */; };
		9F8FBDBB280C732B0000DDED /* CurrentExerciseSettingsView.swift in Sources */ = {isa = PBXBuildFile; fileRef = 9F8FBDBA280C732B0000DDED /* CurrentExerciseSettingsView.swift */; };
		9F8FBDBD280C7A1C0000DDED /* StartWorkoutWithTimerController.swift in Sources */ = {isa = PBXBuildFile; fileRef = 9F8FBDBC280C7A1C0000DDED /* StartWorkoutWithTimerController.swift */; };
		9F8FBDC3280C7FF60000DDED /* CurrentExerciseSettingsWithTimerView.swift in Sources */ = {isa = PBXBuildFile; fileRef = 9F8FBDC2280C7FF60000DDED /* CurrentExerciseSettingsWithTimerView.swift */; };
		9F9A369628030EB600126D89 /* CustomLabel.swift in Sources */ = {isa = PBXBuildFile; fileRef = 9F9A369528030EB600126D89 /* CustomLabel.swift */; };
		9F9A3698280311A600126D89 /* ExercisesTableView.swift in Sources */ = {isa = PBXBuildFile; fileRef = 9F9A3697280311A600126D89 /* ExercisesTableView.swift */; };
		9F9B094C2800ED6F0055B15F /* CalendarCollectionViewCell.swift in Sources */ = {isa = PBXBuildFile; fileRef = 9F9B094B2800ED6F0055B15F /* CalendarCollectionViewCell.swift */; };
		9F9FEE9C2800BAD5003A4781 /* Roboto-Medium.ttf in Resources */ = {isa = PBXBuildFile; fileRef = 9F9FEE9A2800BAD5003A4781 /* Roboto-Medium.ttf */; };
		9F9FEE9D2800BAD5003A4781 /* Roboto-Bold.ttf in Resources */ = {isa = PBXBuildFile; fileRef = 9F9FEE9B2800BAD5003A4781 /* Roboto-Bold.ttf */; };
		9F9FEEA02800BE74003A4781 /* UIFont + Extensions.swift in Sources */ = {isa = PBXBuildFile; fileRef = 9F9FEE9F2800BE74003A4781 /* UIFont + Extensions.swift */; };
		9FA3E5F728061DBA00B8F276 /* NewWorkoutController.swift in Sources */ = {isa = PBXBuildFile; fileRef = 9FA3E5F628061DBA00B8F276 /* NewWorkoutController.swift */; };
		9FA3E5FC2806229800B8F276 /* CustomTextField.swift in Sources */ = {isa = PBXBuildFile; fileRef = 9FA3E5FB2806229800B8F276 /* CustomTextField.swift */; };
		9FB035A52804991E009436B4 /* MainTabBarController.swift in Sources */ = {isa = PBXBuildFile; fileRef = 9FB035A42804991E009436B4 /* MainTabBarController.swift */; };
		9FC75A6B27FCA97400BE7BAC /* Constants.swift in Sources */ = {isa = PBXBuildFile; fileRef = 9FC75A6A27FCA97400BE7BAC /* Constants.swift */; };
		9FD359BA2806331900F1C34B /* DateAndRepeatView.swift in Sources */ = {isa = PBXBuildFile; fileRef = 9FD359B92806331900F1C34B /* DateAndRepeatView.swift */; };
		9FD359BC2806335E00F1C34B /* CustomForegroundView.swift in Sources */ = {isa = PBXBuildFile; fileRef = 9FD359BB2806335E00F1C34B /* CustomForegroundView.swift */; };
		9FD359BE28063B0E00F1C34B /* RepsOrTimerView.swift in Sources */ = {isa = PBXBuildFile; fileRef = 9FD359BD28063B0E00F1C34B /* RepsOrTimerView.swift */; };
		9FD6E2CD28034CE00077E8CE /* ExerciseTableViewCell.swift in Sources */ = {isa = PBXBuildFile; fileRef = 9FD6E2CC28034CE00077E8CE /* ExerciseTableViewCell.swift */; };
		9FD6E2CF280352DB0077E8CE /* UIStackView + Extensions.swift in Sources */ = {isa = PBXBuildFile; fileRef = 9FD6E2CE280352DB0077E8CE /* UIStackView + Extensions.swift */; };
		9FD6E2D128037A730077E8CE /* StatisticsViewController.swift in Sources */ = {isa = PBXBuildFile; fileRef = 9FD6E2D028037A730077E8CE /* StatisticsViewController.swift */; };
		9FD6E2D7280381420077E8CE /* StatisticsTableView.swift in Sources */ = {isa = PBXBuildFile; fileRef = 9FD6E2D6280381420077E8CE /* StatisticsTableView.swift */; };
		9FD6E2DA280383240077E8CE /* StatisticsTableViewCell.swift in Sources */ = {isa = PBXBuildFile; fileRef = 9FD6E2D9280383240077E8CE /* StatisticsTableViewCell.swift */; };
		9FFD31E627FDCC9900ABDB77 /* CalendarView.swift in Sources */ = {isa = PBXBuildFile; fileRef = 9FFD31E527FDCC9900ABDB77 /* CalendarView.swift */; };
		9FFD31EA27FDD31000ABDB77 /* CustomButton.swift in Sources */ = {isa = PBXBuildFile; fileRef = 9FFD31E927FDD31000ABDB77 /* CustomButton.swift */; };
		D9636282C7F8495BB62C6E45 /* Pods_FitnessProject.framework in Frameworks */ = {isa = PBXBuildFile; fileRef = 4E6403B6792D0189862B2B46 /* Pods_FitnessProject.framework */; };
/* End PBXBuildFile section */

/* Begin PBXFileReference section */
		3E301ED6D0C85EEBE56E4714 /* Pods-FitnessProject.debug.xcconfig */ = {isa = PBXFileReference; includeInIndex = 1; lastKnownFileType = text.xcconfig; name = "Pods-FitnessProject.debug.xcconfig"; path = "Target Support Files/Pods-FitnessProject/Pods-FitnessProject.debug.xcconfig"; sourceTree = "<group>"; };
		4E6403B6792D0189862B2B46 /* Pods_FitnessProject.framework */ = {isa = PBXFileReference; explicitFileType = wrapper.framework; includeInIndex = 0; path = Pods_FitnessProject.framework; sourceTree = BUILT_PRODUCTS_DIR; };
		9E2E495DAF76209B406A0701 /* Pods-FitnessProject.release.xcconfig */ = {isa = PBXFileReference; includeInIndex = 1; lastKnownFileType = text.xcconfig; name = "Pods-FitnessProject.release.xcconfig"; path = "Target Support Files/Pods-FitnessProject/Pods-FitnessProject.release.xcconfig"; sourceTree = "<group>"; };
		9F13204327FC8B6100688CB7 /* FitnessProject.app */ = {isa = PBXFileReference; explicitFileType = wrapper.application; includeInIndex = 0; path = FitnessProject.app; sourceTree = BUILT_PRODUCTS_DIR; };
		9F13204627FC8B6100688CB7 /* AppDelegate.swift */ = {isa = PBXFileReference; lastKnownFileType = sourcecode.swift; path = AppDelegate.swift; sourceTree = "<group>"; };
		9F13204827FC8B6100688CB7 /* SceneDelegate.swift */ = {isa = PBXFileReference; lastKnownFileType = sourcecode.swift; path = SceneDelegate.swift; sourceTree = "<group>"; };
		9F13204A27FC8B6100688CB7 /* HomeScreenController.swift */ = {isa = PBXFileReference; lastKnownFileType = sourcecode.swift; path = HomeScreenController.swift; sourceTree = "<group>"; };
		9F13204F27FC8B6100688CB7 /* Assets.xcassets */ = {isa = PBXFileReference; lastKnownFileType = folder.assetcatalog; path = Assets.xcassets; sourceTree = "<group>"; };
		9F13205227FC8B6100688CB7 /* Base */ = {isa = PBXFileReference; lastKnownFileType = file.storyboard; name = Base; path = Base.lproj/LaunchScreen.storyboard; sourceTree = "<group>"; };
		9F13205427FC8B6100688CB7 /* Info.plist */ = {isa = PBXFileReference; lastKnownFileType = text.plist.xml; path = Info.plist; sourceTree = "<group>"; };
		9F4F308C27FE1E2E009DAA10 /* WeatherView.swift */ = {isa = PBXFileReference; lastKnownFileType = sourcecode.swift; path = WeatherView.swift; sourceTree = "<group>"; };
		9F61E578280A054B00322D8B /* WorkoutModel.swift */ = {isa = PBXFileReference; lastKnownFileType = sourcecode.swift; path = WorkoutModel.swift; sourceTree = "<group>"; };
		9F61E57B280A073D00322D8B /* RealmManager.swift */ = {isa = PBXFileReference; lastKnownFileType = sourcecode.swift; path = RealmManager.swift; sourceTree = "<group>"; };
		9F8FBDB2280C63B60000DDED /* Date + Extensions.swift */ = {isa = PBXFileReference; lastKnownFileType = sourcecode.swift; path = "Date + Extensions.swift"; sourceTree = "<group>"; };
		9F8FBDB5280C6CED0000DDED /* StartWorkoutWithImageController.swift */ = {isa = PBXFileReference; lastKnownFileType = sourcecode.swift; path = StartWorkoutWithImageController.swift; sourceTree = "<group>"; };
		9F8FBDBA280C732B0000DDED /* CurrentExerciseSettingsView.swift */ = {isa = PBXFileReference; lastKnownFileType = sourcecode.swift; path = CurrentExerciseSettingsView.swift; sourceTree = "<group>"; };
		9F8FBDBC280C7A1C0000DDED /* StartWorkoutWithTimerController.swift */ = {isa = PBXFileReference; lastKnownFileType = sourcecode.swift; path = StartWorkoutWithTimerController.swift; sourceTree = "<group>"; };
		9F8FBDC2280C7FF60000DDED /* CurrentExerciseSettingsWithTimerView.swift */ = {isa = PBXFileReference; lastKnownFileType = sourcecode.swift; path = CurrentExerciseSettingsWithTimerView.swift; sourceTree = "<group>"; };
		9F9A369528030EB600126D89 /* CustomLabel.swift */ = {isa = PBXFileReference; lastKnownFileType = sourcecode.swift; path = CustomLabel.swift; sourceTree = "<group>"; };
		9F9A3697280311A600126D89 /* ExercisesTableView.swift */ = {isa = PBXFileReference; lastKnownFileType = sourcecode.swift; path = ExercisesTableView.swift; sourceTree = "<group>"; };
		9F9B094B2800ED6F0055B15F /* CalendarCollectionViewCell.swift */ = {isa = PBXFileReference; lastKnownFileType = sourcecode.swift; path = CalendarCollectionViewCell.swift; sourceTree = "<group>"; };
		9F9FEE9A2800BAD5003A4781 /* Roboto-Medium.ttf */ = {isa = PBXFileReference; lastKnownFileType = file; path = "Roboto-Medium.ttf"; sourceTree = "<group>"; };
		9F9FEE9B2800BAD5003A4781 /* Roboto-Bold.ttf */ = {isa = PBXFileReference; lastKnownFileType = file; path = "Roboto-Bold.ttf"; sourceTree = "<group>"; };
		9F9FEE9F2800BE74003A4781 /* UIFont + Extensions.swift */ = {isa = PBXFileReference; lastKnownFileType = sourcecode.swift; path = "UIFont + Extensions.swift"; sourceTree = "<group>"; };
		9FA3E5F628061DBA00B8F276 /* NewWorkoutController.swift */ = {isa = PBXFileReference; lastKnownFileType = sourcecode.swift; path = NewWorkoutController.swift; sourceTree = "<group>"; };
		9FA3E5FB2806229800B8F276 /* CustomTextField.swift */ = {isa = PBXFileReference; lastKnownFileType = sourcecode.swift; path = CustomTextField.swift; sourceTree = "<group>"; };
		9FB035A42804991E009436B4 /* MainTabBarController.swift */ = {isa = PBXFileReference; lastKnownFileType = sourcecode.swift; path = MainTabBarController.swift; sourceTree = "<group>"; };
		9FC75A6A27FCA97400BE7BAC /* Constants.swift */ = {isa = PBXFileReference; lastKnownFileType = sourcecode.swift; path = Constants.swift; sourceTree = "<group>"; };
		9FD359B92806331900F1C34B /* DateAndRepeatView.swift */ = {isa = PBXFileReference; lastKnownFileType = sourcecode.swift; path = DateAndRepeatView.swift; sourceTree = "<group>"; };
		9FD359BB2806335E00F1C34B /* CustomForegroundView.swift */ = {isa = PBXFileReference; lastKnownFileType = sourcecode.swift; path = CustomForegroundView.swift; sourceTree = "<group>"; };
		9FD359BD28063B0E00F1C34B /* RepsOrTimerView.swift */ = {isa = PBXFileReference; lastKnownFileType = sourcecode.swift; path = RepsOrTimerView.swift; sourceTree = "<group>"; };
		9FD6E2CC28034CE00077E8CE /* ExerciseTableViewCell.swift */ = {isa = PBXFileReference; lastKnownFileType = sourcecode.swift; path = ExerciseTableViewCell.swift; sourceTree = "<group>"; };
		9FD6E2CE280352DB0077E8CE /* UIStackView + Extensions.swift */ = {isa = PBXFileReference; lastKnownFileType = sourcecode.swift; path = "UIStackView + Extensions.swift"; sourceTree = "<group>"; };
		9FD6E2D028037A730077E8CE /* StatisticsViewController.swift */ = {isa = PBXFileReference; lastKnownFileType = sourcecode.swift; path = StatisticsViewController.swift; sourceTree = "<group>"; };
		9FD6E2D6280381420077E8CE /* StatisticsTableView.swift */ = {isa = PBXFileReference; lastKnownFileType = sourcecode.swift; path = StatisticsTableView.swift; sourceTree = "<group>"; };
		9FD6E2D9280383240077E8CE /* StatisticsTableViewCell.swift */ = {isa = PBXFileReference; lastKnownFileType = sourcecode.swift; path = StatisticsTableViewCell.swift; sourceTree = "<group>"; };
		9FFD31E527FDCC9900ABDB77 /* CalendarView.swift */ = {isa = PBXFileReference; lastKnownFileType = sourcecode.swift; path = CalendarView.swift; sourceTree = "<group>"; };
		9FFD31E927FDD31000ABDB77 /* CustomButton.swift */ = {isa = PBXFileReference; lastKnownFileType = sourcecode.swift; path = CustomButton.swift; sourceTree = "<group>"; };
/* End PBXFileReference section */

/* Begin PBXFrameworksBuildPhase section */
		9F13204027FC8B6000688CB7 /* Frameworks */ = {
			isa = PBXFrameworksBuildPhase;
			buildActionMask = 2147483647;
			files = (
				D9636282C7F8495BB62C6E45 /* Pods_FitnessProject.framework in Frameworks */,
			);
			runOnlyForDeploymentPostprocessing = 0;
		};
/* End PBXFrameworksBuildPhase section */

/* Begin PBXGroup section */
		55775109AA9CF77276D7DA90 /* Pods */ = {
			isa = PBXGroup;
			children = (
				3E301ED6D0C85EEBE56E4714 /* Pods-FitnessProject.debug.xcconfig */,
				9E2E495DAF76209B406A0701 /* Pods-FitnessProject.release.xcconfig */,
			);
			path = Pods;
			sourceTree = "<group>";
		};
		9C1152652AAC93B0EC1E34CB /* Frameworks */ = {
			isa = PBXGroup;
			children = (
				4E6403B6792D0189862B2B46 /* Pods_FitnessProject.framework */,
			);
			name = Frameworks;
			sourceTree = "<group>";
		};
		9F13203A27FC8B6000688CB7 = {
			isa = PBXGroup;
			children = (
				9F13204527FC8B6100688CB7 /* FitnessProject */,
				9F13204427FC8B6100688CB7 /* Products */,
				55775109AA9CF77276D7DA90 /* Pods */,
				9C1152652AAC93B0EC1E34CB /* Frameworks */,
			);
			sourceTree = "<group>";
		};
		9F13204427FC8B6100688CB7 /* Products */ = {
			isa = PBXGroup;
			children = (
				9F13204327FC8B6100688CB7 /* FitnessProject.app */,
			);
			name = Products;
			sourceTree = "<group>";
		};
		9F13204527FC8B6100688CB7 /* FitnessProject */ = {
			isa = PBXGroup;
			children = (
				9F13205E27FC8B9C00688CB7 /* Application */,
				9F61E57A280A071000322D8B /* Servises */,
				9F13205D27FC8B9800688CB7 /* Model */,
				9F13205C27FC8B9400688CB7 /* View */,
				9F13205A27FC8B8300688CB7 /* Controller */,
				9F9FEE9E2800BC71003A4781 /* Extensions */,
				9F13205F27FC8BA200688CB7 /* Resources */,
			);
			path = FitnessProject;
			sourceTree = "<group>";
		};
		9F13205A27FC8B8300688CB7 /* Controller */ = {
			isa = PBXGroup;
			children = (
				9FB035A42804991E009436B4 /* MainTabBarController.swift */,
				9F13204A27FC8B6100688CB7 /* HomeScreenController.swift */,
				9FD6E2D028037A730077E8CE /* StatisticsViewController.swift */,
				9FA3E5F628061DBA00B8F276 /* NewWorkoutController.swift */,
				9F8FBDBC280C7A1C0000DDED /* StartWorkoutWithTimerController.swift */,
				9F8FBDB5280C6CED0000DDED /* StartWorkoutWithImageController.swift */,
			);
			path = Controller;
			sourceTree = "<group>";
		};
		9F13205C27FC8B9400688CB7 /* View */ = {
			isa = PBXGroup;
			children = (
				9F4F308B27FE1E1A009DAA10 /* MainScreen */,
				9FD6E2D228037A9D0077E8CE /* StatisticsScreen */,
				9FA3E5F828061DD700B8F276 /* NewWorkoutScreen */,
				9F8FBDBE280C7A490000DDED /* StartWorkoutWithTimerView */,
				9F8FBDB4280C6CC00000DDED /* StartWorkoutWithImageView */,
				9FFD31E727FDCCF900ABDB77 /* GlobalElements */,
			);
			path = View;
			sourceTree = "<group>";
		};
		9F13205D27FC8B9800688CB7 /* Model */ = {
			isa = PBXGroup;
			children = (
				9F61E578280A054B00322D8B /* WorkoutModel.swift */,
			);
			path = Model;
			sourceTree = "<group>";
		};
		9F13205E27FC8B9C00688CB7 /* Application */ = {
			isa = PBXGroup;
			children = (
				9F13204627FC8B6100688CB7 /* AppDelegate.swift */,
				9F13204827FC8B6100688CB7 /* SceneDelegate.swift */,
				9FC75A6A27FCA97400BE7BAC /* Constants.swift */,
			);
			path = Application;
			sourceTree = "<group>";
		};
		9F13205F27FC8BA200688CB7 /* Resources */ = {
			isa = PBXGroup;
			children = (
				9F9FEE992800BA4C003A4781 /* Fonts */,
				9F13205127FC8B6100688CB7 /* LaunchScreen.storyboard */,
				9F13204F27FC8B6100688CB7 /* Assets.xcassets */,
				9F13205427FC8B6100688CB7 /* Info.plist */,
			);
			path = Resources;
			sourceTree = "<group>";
		};
		9F4F308B27FE1E1A009DAA10 /* MainScreen */ = {
			isa = PBXGroup;
			children = (
				9F9B094A2800ED1A0055B15F /* Cells */,
				9F9B09492800ECFA0055B15F /* Elements */,
			);
			path = MainScreen;
			sourceTree = "<group>";
		};
		9F61E57A280A071000322D8B /* Servises */ = {
			isa = PBXGroup;
			children = (
				9F61E57B280A073D00322D8B /* RealmManager.swift */,
			);
			path = Servises;
			sourceTree = "<group>";
		};
		9F8FBDB4280C6CC00000DDED /* StartWorkoutWithImageView */ = {
			isa = PBXGroup;
			children = (
				9F8FBDB9280C72FD0000DDED /* Elements */,
			);
			path = StartWorkoutWithImageView;
			sourceTree = "<group>";
		};
		9F8FBDB9280C72FD0000DDED /* Elements */ = {
			isa = PBXGroup;
			children = (
				9F8FBDBA280C732B0000DDED /* CurrentExerciseSettingsView.swift */,
			);
			path = Elements;
			sourceTree = "<group>";
		};
		9F8FBDBE280C7A490000DDED /* StartWorkoutWithTimerView */ = {
			isa = PBXGroup;
			children = (
				9F8FBDC1280C7FDD0000DDED /* Elements */,
			);
			path = StartWorkoutWithTimerView;
			sourceTree = "<group>";
		};
		9F8FBDC1280C7FDD0000DDED /* Elements */ = {
			isa = PBXGroup;
			children = (
				9F8FBDC2280C7FF60000DDED /* CurrentExerciseSettingsWithTimerView.swift */,
			);
			path = Elements;
			sourceTree = "<group>";
		};
		9F9B09492800ECFA0055B15F /* Elements */ = {
			isa = PBXGroup;
			children = (
				9FFD31E527FDCC9900ABDB77 /* CalendarView.swift */,
				9F4F308C27FE1E2E009DAA10 /* WeatherView.swift */,
				9F9A3697280311A600126D89 /* ExercisesTableView.swift */,
			);
			path = Elements;
			sourceTree = "<group>";
		};
		9F9B094A2800ED1A0055B15F /* Cells */ = {
			isa = PBXGroup;
			children = (
				9F9B094B2800ED6F0055B15F /* CalendarCollectionViewCell.swift */,
				9FD6E2CC28034CE00077E8CE /* ExerciseTableViewCell.swift */,
			);
			path = Cells;
			sourceTree = "<group>";
		};
		9F9FEE992800BA4C003A4781 /* Fonts */ = {
			isa = PBXGroup;
			children = (
				9F9FEE9B2800BAD5003A4781 /* Roboto-Bold.ttf */,
				9F9FEE9A2800BAD5003A4781 /* Roboto-Medium.ttf */,
			);
			path = Fonts;
			sourceTree = "<group>";
		};
		9F9FEE9E2800BC71003A4781 /* Extensions */ = {
			isa = PBXGroup;
			children = (
				9F9FEE9F2800BE74003A4781 /* UIFont + Extensions.swift */,
				9FD6E2CE280352DB0077E8CE /* UIStackView + Extensions.swift */,
				9F8FBDB2280C63B60000DDED /* Date + Extensions.swift */,
			);
			path = Extensions;
			sourceTree = "<group>";
		};
		9FA3E5F828061DD700B8F276 /* NewWorkoutScreen */ = {
			isa = PBXGroup;
			children = (
				9FD359B8280632FF00F1C34B /* Elements */,
			);
			path = NewWorkoutScreen;
			sourceTree = "<group>";
		};
		9FD359B8280632FF00F1C34B /* Elements */ = {
			isa = PBXGroup;
			children = (
				9FD359B92806331900F1C34B /* DateAndRepeatView.swift */,
				9FD359BD28063B0E00F1C34B /* RepsOrTimerView.swift */,
			);
			path = Elements;
			sourceTree = "<group>";
		};
		9FD6E2D228037A9D0077E8CE /* StatisticsScreen */ = {
			isa = PBXGroup;
			children = (
				9FD6E2D8280382FC0077E8CE /* Cells */,
				9FD6E2D5280381180077E8CE /* Elements */,
			);
			path = StatisticsScreen;
			sourceTree = "<group>";
		};
		9FD6E2D5280381180077E8CE /* Elements */ = {
			isa = PBXGroup;
			children = (
				9FD6E2D6280381420077E8CE /* StatisticsTableView.swift */,
			);
			path = Elements;
			sourceTree = "<group>";
		};
		9FD6E2D8280382FC0077E8CE /* Cells */ = {
			isa = PBXGroup;
			children = (
				9FD6E2D9280383240077E8CE /* StatisticsTableViewCell.swift */,
			);
			path = Cells;
			sourceTree = "<group>";
		};
		9FFD31E727FDCCF900ABDB77 /* GlobalElements */ = {
			isa = PBXGroup;
			children = (
				9FFD31E927FDD31000ABDB77 /* CustomButton.swift */,
				9F9A369528030EB600126D89 /* CustomLabel.swift */,
				9FA3E5FB2806229800B8F276 /* CustomTextField.swift */,
				9FD359BB2806335E00F1C34B /* CustomForegroundView.swift */,
			);
			path = GlobalElements;
			sourceTree = "<group>";
		};
/* End PBXGroup section */

/* Begin PBXNativeTarget section */
		9F13204227FC8B6000688CB7 /* FitnessProject */ = {
			isa = PBXNativeTarget;
			buildConfigurationList = 9F13205727FC8B6100688CB7 /* Build configuration list for PBXNativeTarget "FitnessProject" */;
			buildPhases = (
				8F6664D4F0D7F16594518DC1 /* [CP] Check Pods Manifest.lock */,
				9F13203F27FC8B6000688CB7 /* Sources */,
				9F13204027FC8B6000688CB7 /* Frameworks */,
				9F13204127FC8B6000688CB7 /* Resources */,
				3828F5C02B02C5FBA89B944A /* [CP] Embed Pods Frameworks */,
			);
			buildRules = (
			);
			dependencies = (
			);
			name = FitnessProject;
			productName = FitnessProject;
			productReference = 9F13204327FC8B6100688CB7 /* FitnessProject.app */;
			productType = "com.apple.product-type.application";
		};
/* End PBXNativeTarget section */

/* Begin PBXProject section */
		9F13203B27FC8B6000688CB7 /* Project object */ = {
			isa = PBXProject;
			attributes = {
				BuildIndependentTargetsInParallel = 1;
				LastSwiftUpdateCheck = 1330;
				LastUpgradeCheck = 1330;
				TargetAttributes = {
					9F13204227FC8B6000688CB7 = {
						CreatedOnToolsVersion = 13.3;
					};
				};
			};
			buildConfigurationList = 9F13203E27FC8B6000688CB7 /* Build configuration list for PBXProject "FitnessProject" */;
			compatibilityVersion = "Xcode 13.0";
			developmentRegion = en;
			hasScannedForEncodings = 0;
			knownRegions = (
				en,
				Base,
			);
			mainGroup = 9F13203A27FC8B6000688CB7;
			productRefGroup = 9F13204427FC8B6100688CB7 /* Products */;
			projectDirPath = "";
			projectRoot = "";
			targets = (
				9F13204227FC8B6000688CB7 /* FitnessProject */,
			);
		};
/* End PBXProject section */

/* Begin PBXResourcesBuildPhase section */
		9F13204127FC8B6000688CB7 /* Resources */ = {
			isa = PBXResourcesBuildPhase;
			buildActionMask = 2147483647;
			files = (
				9F13205327FC8B6100688CB7 /* LaunchScreen.storyboard in Resources */,
				9F13205027FC8B6100688CB7 /* Assets.xcassets in Resources */,
				9F9FEE9D2800BAD5003A4781 /* Roboto-Bold.ttf in Resources */,
				9F9FEE9C2800BAD5003A4781 /* Roboto-Medium.ttf in Resources */,
			);
			runOnlyForDeploymentPostprocessing = 0;
		};
/* End PBXResourcesBuildPhase section */

/* Begin PBXShellScriptBuildPhase section */
		3828F5C02B02C5FBA89B944A /* [CP] Embed Pods Frameworks */ = {
			isa = PBXShellScriptBuildPhase;
			buildActionMask = 2147483647;
			files = (
			);
			inputFileListPaths = (
				"${PODS_ROOT}/Target Support Files/Pods-FitnessProject/Pods-FitnessProject-frameworks-${CONFIGURATION}-input-files.xcfilelist",
			);
			name = "[CP] Embed Pods Frameworks";
			outputFileListPaths = (
				"${PODS_ROOT}/Target Support Files/Pods-FitnessProject/Pods-FitnessProject-frameworks-${CONFIGURATION}-output-files.xcfilelist",
			);
			runOnlyForDeploymentPostprocessing = 0;
			shellPath = /bin/sh;
			shellScript = "\"${PODS_ROOT}/Target Support Files/Pods-FitnessProject/Pods-FitnessProject-frameworks.sh\"\n";
			showEnvVarsInLog = 0;
		};
		8F6664D4F0D7F16594518DC1 /* [CP] Check Pods Manifest.lock */ = {
			isa = PBXShellScriptBuildPhase;
			buildActionMask = 2147483647;
			files = (
			);
			inputFileListPaths = (
			);
			inputPaths = (
				"${PODS_PODFILE_DIR_PATH}/Podfile.lock",
				"${PODS_ROOT}/Manifest.lock",
			);
			name = "[CP] Check Pods Manifest.lock";
			outputFileListPaths = (
			);
			outputPaths = (
				"$(DERIVED_FILE_DIR)/Pods-FitnessProject-checkManifestLockResult.txt",
			);
			runOnlyForDeploymentPostprocessing = 0;
			shellPath = /bin/sh;
			shellScript = "diff \"${PODS_PODFILE_DIR_PATH}/Podfile.lock\" \"${PODS_ROOT}/Manifest.lock\" > /dev/null\nif [ $? != 0 ] ; then\n    # print error to STDERR\n    echo \"error: The sandbox is not in sync with the Podfile.lock. Run 'pod install' or update your CocoaPods installation.\" >&2\n    exit 1\nfi\n# This output is used by Xcode 'outputs' to avoid re-running this script phase.\necho \"SUCCESS\" > \"${SCRIPT_OUTPUT_FILE_0}\"\n";
			showEnvVarsInLog = 0;
		};
/* End PBXShellScriptBuildPhase section */

/* Begin PBXSourcesBuildPhase section */
		9F13203F27FC8B6000688CB7 /* Sources */ = {
			isa = PBXSourcesBuildPhase;
			buildActionMask = 2147483647;
			files = (
				9FD6E2DA280383240077E8CE /* StatisticsTableViewCell.swift in Sources */,
				9F9FEEA02800BE74003A4781 /* UIFont + Extensions.swift in Sources */,
				9F9A3698280311A600126D89 /* ExercisesTableView.swift in Sources */,
				9FD359BA2806331900F1C34B /* DateAndRepeatView.swift in Sources */,
				9FFD31EA27FDD31000ABDB77 /* CustomButton.swift in Sources */,
				9FD359BC2806335E00F1C34B /* CustomForegroundView.swift in Sources */,
				9F9A369628030EB600126D89 /* CustomLabel.swift in Sources */,
				9FC75A6B27FCA97400BE7BAC /* Constants.swift in Sources */,
				9F8FBDBD280C7A1C0000DDED /* StartWorkoutWithTimerController.swift in Sources */,
				9F8FBDB6280C6CED0000DDED /* StartWorkoutWithImageController.swift in Sources */,
				9F13204B27FC8B6100688CB7 /* HomeScreenController.swift in Sources */,
				9FD6E2D128037A730077E8CE /* StatisticsViewController.swift in Sources */,
				9F9B094C2800ED6F0055B15F /* CalendarCollectionViewCell.swift in Sources */,
				9FFD31E627FDCC9900ABDB77 /* CalendarView.swift in Sources */,
				9F61E57C280A073D00322D8B /* RealmManager.swift in Sources */,
				9FD6E2CD28034CE00077E8CE /* ExerciseTableViewCell.swift in Sources */,
				9FD6E2CF280352DB0077E8CE /* UIStackView + Extensions.swift in Sources */,
				9FD359BE28063B0E00F1C34B /* RepsOrTimerView.swift in Sources */,
				9F61E579280A054B00322D8B /* WorkoutModel.swift in Sources */,
				9F8FBDB3280C63B60000DDED /* Date + Extensions.swift in Sources */,
				9FB035A52804991E009436B4 /* MainTabBarController.swift in Sources */,
				9F8FBDBB280C732B0000DDED /* CurrentExerciseSettingsView.swift in Sources */,
				9F13204727FC8B6100688CB7 /* AppDelegate.swift in Sources */,
				9FA3E5F728061DBA00B8F276 /* NewWorkoutController.swift in Sources */,
				9F13204927FC8B6100688CB7 /* SceneDelegate.swift in Sources */,
				9F8FBDC3280C7FF60000DDED /* CurrentExerciseSettingsWithTimerView.swift in Sources */,
				9FA3E5FC2806229800B8F276 /* CustomTextField.swift in Sources */,
				9F4F308D27FE1E2E009DAA10 /* WeatherView.swift in Sources */,
				9FD6E2D7280381420077E8CE /* StatisticsTableView.swift in Sources */,
			);
			runOnlyForDeploymentPostprocessing = 0;
		};
/* End PBXSourcesBuildPhase section */

/* Begin PBXVariantGroup section */
		9F13205127FC8B6100688CB7 /* LaunchScreen.storyboard */ = {
			isa = PBXVariantGroup;
			children = (
				9F13205227FC8B6100688CB7 /* Base */,
			);
			name = LaunchScreen.storyboard;
			sourceTree = "<group>";
		};
/* End PBXVariantGroup section */

/* Begin XCBuildConfiguration section */
		9F13205527FC8B6100688CB7 /* Debug */ = {
			isa = XCBuildConfiguration;
			buildSettings = {
				ALWAYS_SEARCH_USER_PATHS = NO;
				CLANG_ANALYZER_NONNULL = YES;
				CLANG_ANALYZER_NUMBER_OBJECT_CONVERSION = YES_AGGRESSIVE;
				CLANG_CXX_LANGUAGE_STANDARD = "gnu++17";
				CLANG_ENABLE_MODULES = YES;
				CLANG_ENABLE_OBJC_ARC = YES;
				CLANG_ENABLE_OBJC_WEAK = YES;
				CLANG_WARN_BLOCK_CAPTURE_AUTORELEASING = YES;
				CLANG_WARN_BOOL_CONVERSION = YES;
				CLANG_WARN_COMMA = YES;
				CLANG_WARN_CONSTANT_CONVERSION = YES;
				CLANG_WARN_DEPRECATED_OBJC_IMPLEMENTATIONS = YES;
				CLANG_WARN_DIRECT_OBJC_ISA_USAGE = YES_ERROR;
				CLANG_WARN_DOCUMENTATION_COMMENTS = YES;
				CLANG_WARN_EMPTY_BODY = YES;
				CLANG_WARN_ENUM_CONVERSION = YES;
				CLANG_WARN_INFINITE_RECURSION = YES;
				CLANG_WARN_INT_CONVERSION = YES;
				CLANG_WARN_NON_LITERAL_NULL_CONVERSION = YES;
				CLANG_WARN_OBJC_IMPLICIT_RETAIN_SELF = YES;
				CLANG_WARN_OBJC_LITERAL_CONVERSION = YES;
				CLANG_WARN_OBJC_ROOT_CLASS = YES_ERROR;
				CLANG_WARN_QUOTED_INCLUDE_IN_FRAMEWORK_HEADER = YES;
				CLANG_WARN_RANGE_LOOP_ANALYSIS = YES;
				CLANG_WARN_STRICT_PROTOTYPES = YES;
				CLANG_WARN_SUSPICIOUS_MOVE = YES;
				CLANG_WARN_UNGUARDED_AVAILABILITY = YES_AGGRESSIVE;
				CLANG_WARN_UNREACHABLE_CODE = YES;
				CLANG_WARN__DUPLICATE_METHOD_MATCH = YES;
				COPY_PHASE_STRIP = NO;
				DEBUG_INFORMATION_FORMAT = dwarf;
				ENABLE_STRICT_OBJC_MSGSEND = YES;
				ENABLE_TESTABILITY = YES;
				GCC_C_LANGUAGE_STANDARD = gnu11;
				GCC_DYNAMIC_NO_PIC = NO;
				GCC_NO_COMMON_BLOCKS = YES;
				GCC_OPTIMIZATION_LEVEL = 0;
				GCC_PREPROCESSOR_DEFINITIONS = (
					"DEBUG=1",
					"$(inherited)",
				);
				GCC_WARN_64_TO_32_BIT_CONVERSION = YES;
				GCC_WARN_ABOUT_RETURN_TYPE = YES_ERROR;
				GCC_WARN_UNDECLARED_SELECTOR = YES;
				GCC_WARN_UNINITIALIZED_AUTOS = YES_AGGRESSIVE;
				GCC_WARN_UNUSED_FUNCTION = YES;
				GCC_WARN_UNUSED_VARIABLE = YES;
				IPHONEOS_DEPLOYMENT_TARGET = 14.0;
				MTL_ENABLE_DEBUG_INFO = INCLUDE_SOURCE;
				MTL_FAST_MATH = YES;
				ONLY_ACTIVE_ARCH = YES;
				SDKROOT = iphoneos;
				SWIFT_ACTIVE_COMPILATION_CONDITIONS = DEBUG;
				SWIFT_OPTIMIZATION_LEVEL = "-Onone";
			};
			name = Debug;
		};
		9F13205627FC8B6100688CB7 /* Release */ = {
			isa = XCBuildConfiguration;
			buildSettings = {
				ALWAYS_SEARCH_USER_PATHS = NO;
				CLANG_ANALYZER_NONNULL = YES;
				CLANG_ANALYZER_NUMBER_OBJECT_CONVERSION = YES_AGGRESSIVE;
				CLANG_CXX_LANGUAGE_STANDARD = "gnu++17";
				CLANG_ENABLE_MODULES = YES;
				CLANG_ENABLE_OBJC_ARC = YES;
				CLANG_ENABLE_OBJC_WEAK = YES;
				CLANG_WARN_BLOCK_CAPTURE_AUTORELEASING = YES;
				CLANG_WARN_BOOL_CONVERSION = YES;
				CLANG_WARN_COMMA = YES;
				CLANG_WARN_CONSTANT_CONVERSION = YES;
				CLANG_WARN_DEPRECATED_OBJC_IMPLEMENTATIONS = YES;
				CLANG_WARN_DIRECT_OBJC_ISA_USAGE = YES_ERROR;
				CLANG_WARN_DOCUMENTATION_COMMENTS = YES;
				CLANG_WARN_EMPTY_BODY = YES;
				CLANG_WARN_ENUM_CONVERSION = YES;
				CLANG_WARN_INFINITE_RECURSION = YES;
				CLANG_WARN_INT_CONVERSION = YES;
				CLANG_WARN_NON_LITERAL_NULL_CONVERSION = YES;
				CLANG_WARN_OBJC_IMPLICIT_RETAIN_SELF = YES;
				CLANG_WARN_OBJC_LITERAL_CONVERSION = YES;
				CLANG_WARN_OBJC_ROOT_CLASS = YES_ERROR;
				CLANG_WARN_QUOTED_INCLUDE_IN_FRAMEWORK_HEADER = YES;
				CLANG_WARN_RANGE_LOOP_ANALYSIS = YES;
				CLANG_WARN_STRICT_PROTOTYPES = YES;
				CLANG_WARN_SUSPICIOUS_MOVE = YES;
				CLANG_WARN_UNGUARDED_AVAILABILITY = YES_AGGRESSIVE;
				CLANG_WARN_UNREACHABLE_CODE = YES;
				CLANG_WARN__DUPLICATE_METHOD_MATCH = YES;
				COPY_PHASE_STRIP = NO;
				DEBUG_INFORMATION_FORMAT = "dwarf-with-dsym";
				ENABLE_NS_ASSERTIONS = NO;
				ENABLE_STRICT_OBJC_MSGSEND = YES;
				GCC_C_LANGUAGE_STANDARD = gnu11;
				GCC_NO_COMMON_BLOCKS = YES;
				GCC_WARN_64_TO_32_BIT_CONVERSION = YES;
				GCC_WARN_ABOUT_RETURN_TYPE = YES_ERROR;
				GCC_WARN_UNDECLARED_SELECTOR = YES;
				GCC_WARN_UNINITIALIZED_AUTOS = YES_AGGRESSIVE;
				GCC_WARN_UNUSED_FUNCTION = YES;
				GCC_WARN_UNUSED_VARIABLE = YES;
				IPHONEOS_DEPLOYMENT_TARGET = 14.0;
				MTL_ENABLE_DEBUG_INFO = NO;
				MTL_FAST_MATH = YES;
				SDKROOT = iphoneos;
				SWIFT_COMPILATION_MODE = wholemodule;
				SWIFT_OPTIMIZATION_LEVEL = "-O";
				VALIDATE_PRODUCT = YES;
			};
			name = Release;
		};
		9F13205827FC8B6100688CB7 /* Debug */ = {
			isa = XCBuildConfiguration;
			baseConfigurationReference = 3E301ED6D0C85EEBE56E4714 /* Pods-FitnessProject.debug.xcconfig */;
			buildSettings = {
				ASSETCATALOG_COMPILER_APPICON_NAME = AppIcon;
				ASSETCATALOG_COMPILER_GLOBAL_ACCENT_COLOR_NAME = AccentColor;
				CODE_SIGN_STYLE = Automatic;
				CURRENT_PROJECT_VERSION = 1;
				DEVELOPMENT_TEAM = 848HQT3AP5;
				GENERATE_INFOPLIST_FILE = YES;
				INFOPLIST_FILE = FitnessProject/Resources/Info.plist;
				INFOPLIST_KEY_UIApplicationSupportsIndirectInputEvents = YES;
				INFOPLIST_KEY_UILaunchStoryboardName = LaunchScreen;
				INFOPLIST_KEY_UISupportedInterfaceOrientations_iPad = "UIInterfaceOrientationPortrait UIInterfaceOrientationPortraitUpsideDown UIInterfaceOrientationLandscapeLeft UIInterfaceOrientationLandscapeRight";
				INFOPLIST_KEY_UISupportedInterfaceOrientations_iPhone = "UIInterfaceOrientationPortrait UIInterfaceOrientationLandscapeLeft UIInterfaceOrientationLandscapeRight";
				LD_RUNPATH_SEARCH_PATHS = (
					"$(inherited)",
					"@executable_path/Frameworks",
				);
				MARKETING_VERSION = 1.0;
				PRODUCT_BUNDLE_IDENTIFIER = meiiku.FitnessProject;
				PRODUCT_NAME = "$(TARGET_NAME)";
				SWIFT_EMIT_LOC_STRINGS = YES;
				SWIFT_VERSION = 5.0;
				TARGETED_DEVICE_FAMILY = 1;
			};
			name = Debug;
		};
		9F13205927FC8B6100688CB7 /* Release */ = {
			isa = XCBuildConfiguration;
			baseConfigurationReference = 9E2E495DAF76209B406A0701 /* Pods-FitnessProject.release.xcconfig */;
			buildSettings = {
				ASSETCATALOG_COMPILER_APPICON_NAME = AppIcon;
				ASSETCATALOG_COMPILER_GLOBAL_ACCENT_COLOR_NAME = AccentColor;
				CODE_SIGN_STYLE = Automatic;
				CURRENT_PROJECT_VERSION = 1;
				DEVELOPMENT_TEAM = 848HQT3AP5;
				GENERATE_INFOPLIST_FILE = YES;
				INFOPLIST_FILE = FitnessProject/Resources/Info.plist;
				INFOPLIST_KEY_UIApplicationSupportsIndirectInputEvents = YES;
				INFOPLIST_KEY_UILaunchStoryboardName = LaunchScreen;
				INFOPLIST_KEY_UISupportedInterfaceOrientations_iPad = "UIInterfaceOrientationPortrait UIInterfaceOrientationPortraitUpsideDown UIInterfaceOrientationLandscapeLeft UIInterfaceOrientationLandscapeRight";
				INFOPLIST_KEY_UISupportedInterfaceOrientations_iPhone = "UIInterfaceOrientationPortrait UIInterfaceOrientationLandscapeLeft UIInterfaceOrientationLandscapeRight";
				LD_RUNPATH_SEARCH_PATHS = (
					"$(inherited)",
					"@executable_path/Frameworks",
				);
				MARKETING_VERSION = 1.0;
				PRODUCT_BUNDLE_IDENTIFIER = meiiku.FitnessProject;
				PRODUCT_NAME = "$(TARGET_NAME)";
				SWIFT_EMIT_LOC_STRINGS = YES;
				SWIFT_VERSION = 5.0;
				TARGETED_DEVICE_FAMILY = 1;
			};
			name = Release;
		};
/* End XCBuildConfiguration section */

/* Begin XCConfigurationList section */
		9F13203E27FC8B6000688CB7 /* Build configuration list for PBXProject "FitnessProject" */ = {
			isa = XCConfigurationList;
			buildConfigurations = (
				9F13205527FC8B6100688CB7 /* Debug */,
				9F13205627FC8B6100688CB7 /* Release */,
			);
			defaultConfigurationIsVisible = 0;
			defaultConfigurationName = Release;
		};
		9F13205727FC8B6100688CB7 /* Build configuration list for PBXNativeTarget "FitnessProject" */ = {
			isa = XCConfigurationList;
			buildConfigurations = (
				9F13205827FC8B6100688CB7 /* Debug */,
				9F13205927FC8B6100688CB7 /* Release */,
			);
			defaultConfigurationIsVisible = 0;
			defaultConfigurationName = Release;
		};
/* End XCConfigurationList section */
	};
	rootObject = 9F13203B27FC8B6000688CB7 /* Project object */;
}
